hash: e6443593279eb7d25258266446d4a8e76fc00ba0c78c960de4972758042bd692
updated: 2017-04-30T08:08:39.10783729-05:00
imports:
- name: github.com/dcu/go-authy
  version: cf5da24b7e71a594d7cec54206d180ff0d5bc380
- name: github.com/dcu/http-einhorn
  version: c811bc67d19517da3b8583cc47b0ff9b6d0a0cea
- name: github.com/gin-gonic/gin
  version: e2212d40c62a98b388a5eb48ecbdcf88534688ba
  subpackages:
  - binding
  - render
- name: github.com/golang/protobuf
  version: 2402d76f3d41f928c7902a765dfc872356dd3aad
  subpackages:
  - proto
- name: github.com/manucorporat/sse
  version: ee05b128a739a0fb76c7ebd3ae4810c1de808d6d
- name: github.com/mattn/go-isatty
  version: fc9e8d8ef48496124e79ae0df75490096eccf6fe
- name: github.com/rs/cors
  version: a62a804a8a009876ca59105f7899938a1349f4b3
- name: github.com/rs/xhandler
  version: ed27b6fd65218132ee50cd95f38474a3d8a2cd12
- name: github.com/stripe/go-einhorn
  version: 79db5cd84b4be2b4c3b4d9e23f9bb8cfb3e9d6da
  subpackages:
  - einhorn
- name: golang.org/x/net
  version: f315505cf3349909cdf013ea56690da34e96a451
  subpackages:
  - context
- name: golang.org/x/sys
  version: 9ccfe848b9db8435a24c424abbc07a921adf1df5
  subpackages:
  - unix
- name: gopkg.in/go-playground/validator.v8
  version: c193cecd124b5cc722d7ee5538e945bdb3348435
- name: gopkg.in/yaml.v2
  version: cd8b52f8269e0feb286dfeef29f8fe4d5b397e0b
testImports: []
